// !$*UTF8*$!
{
	archiveVersion = 1;
	classes = {
	};
	objectVersion = 50;
	objects = {

/* Begin PBXBuildFile section */
		AB508B3C272F57CC0083DE6D /* Form_Login___RegisterApp.swift in Sources */ = {isa = PBXBuildFile; fileRef = AB508B3B272F57CC0083DE6D /* Form_Login___RegisterApp.swift */; };
		AB508B3E272F57CC0083DE6D /* LoginView.swift in Sources */ = {isa = PBXBuildFile; fileRef = AB508B3D272F57CC0083DE6D /* LoginView.swift */; };
		AB508B40272F57CD0083DE6D /* Assets.xcassets in Resources */ = {isa = PBXBuildFile; fileRef = AB508B3F272F57CD0083DE6D /* Assets.xcassets */; };
		AB508B43272F57CD0083DE6D /* Preview Assets.xcassets in Resources */ = {isa = PBXBuildFile; fileRef = AB508B42272F57CD0083DE6D /* Preview Assets.xcassets */; };
		AB9980392786761F00E435E5 /* LoginViewModel.swift in Sources */ = {isa = PBXBuildFile; fileRef = AB9980382786761F00E435E5 /* LoginViewModel.swift */; };
		ABFBE6462787B773004A5958 /* LoginStatus.swift in Sources */ = {isa = PBXBuildFile; fileRef = ABFBE6452787B773004A5958 /* LoginStatus.swift */; };
/* End PBXBuildFile section */

/* Begin PBXFileReference section */
		AB508B38272F57CC0083DE6D /* Form Login & Register.app */ = {isa = PBXFileReference; explicitFileType = wrapper.application; includeInIndex = 0; path = "Form Login & Register.app"; sourceTree = BUILT_PRODUCTS_DIR; };
		AB508B3B272F57CC0083DE6D /* Form_Login___RegisterApp.swift */ = {isa = PBXFileReference; lastKnownFileType = sourcecode.swift; path = "Form_Login___RegisterApp.swift"; sourceTree = "<group>"; };
		AB508B3D272F57CC0083DE6D /* LoginView.swift */ = {isa = PBXFileReference; lastKnownFileType = sourcecode.swift; path = LoginView.swift; sourceTree = "<group>"; };
		AB508B3F272F57CD0083DE6D /* Assets.xcassets */ = {isa = PBXFileReference; lastKnownFileType = folder.assetcatalog; path = Assets.xcassets; sourceTree = "<group>"; };
		AB508B42272F57CD0083DE6D /* Preview Assets.xcassets */ = {isa = PBXFileReference; lastKnownFileType = folder.assetcatalog; path = "Preview Assets.xcassets"; sourceTree = "<group>"; };
		AB508B44272F57CD0083DE6D /* Info.plist */ = {isa = PBXFileReference; lastKnownFileType = text.plist.xml; path = Info.plist; sourceTree = "<group>"; };
		AB9980382786761F00E435E5 /* LoginViewModel.swift */ = {isa = PBXFileReference; lastKnownFileType = sourcecode.swift; path = LoginViewModel.swift; sourceTree = "<group>"; };
		ABFBE6452787B773004A5958 /* LoginStatus.swift */ = {isa = PBXFileReference; lastKnownFileType = sourcecode.swift; path = LoginStatus.swift; sourceTree = "<group>"; };
/* End PBXFileReference section */

/* Begin PBXFrameworksBuildPhase section */
		AB508B35272F57CC0083DE6D /* Frameworks */ = {
			isa = PBXFrameworksBuildPhase;
			buildActionMask = 2147483647;
			files = (
			);
			runOnlyForDeploymentPostprocessing = 0;
		};
/* End PBXFrameworksBuildPhase section */

/* Begin PBXGroup section */
		AB508B2F272F57CC0083DE6D = {
			isa = PBXGroup;
			children = (
				AB508B3A272F57CC0083DE6D /* Form Login & Register */,
				AB508B39272F57CC0083DE6D /* Products */,
			);
			sourceTree = "<group>";
		};
		AB508B39272F57CC0083DE6D /* Products */ = {
			isa = PBXGroup;
			children = (
				AB508B38272F57CC0083DE6D /* Form Login & Register.app */,
			);
			name = Products;
			sourceTree = "<group>";
		};
		AB508B3A272F57CC0083DE6D /* Form Login & Register */ = {
			isa = PBXGroup;
			children = (
				ABFBE6442787B755004A5958 /* Models */,
				AB9980372786760B00E435E5 /* ViewModels */,
				AB998036278675BF00E435E5 /* Views */,
				AB508B3B272F57CC0083DE6D /* Form_Login___RegisterApp.swift */,
				AB508B3F272F57CD0083DE6D /* Assets.xcassets */,
				AB508B44272F57CD0083DE6D /* Info.plist */,
				AB508B41272F57CD0083DE6D /* Preview Content */,
			);
			path = "Form Login & Register";
			sourceTree = "<group>";
		};
		AB508B41272F57CD0083DE6D /* Preview Content */ = {
			isa = PBXGroup;
			children = (
				AB508B42272F57CD0083DE6D /* Preview Assets.xcassets */,
			);
			path = "Preview Content";
			sourceTree = "<group>";
		};
		AB998036278675BF00E435E5 /* Views */ = {
			isa = PBXGroup;
			children = (
				AB508B3D272F57CC0083DE6D /* LoginView.swift */,
			);
			path = Views;
			sourceTree = "<group>";
		};
		AB9980372786760B00E435E5 /* ViewModels */ = {
			isa = PBXGroup;
			children = (
				AB9980382786761F00E435E5 /* LoginViewModel.swift */,
			);
			path = ViewModels;
			sourceTree = "<group>";
		};
		ABFBE6442787B755004A5958 /* Models */ = {
			isa = PBXGroup;
			children = (
				ABFBE6452787B773004A5958 /* LoginStatus.swift */,
			);
			path = Models;
			sourceTree = "<group>";
		};
/* End PBXGroup section */

/* Begin PBXNativeTarget section */
		AB508B37272F57CC0083DE6D /* Form Login & Register */ = {
			isa = PBXNativeTarget;
			buildConfigurationList = AB508B47272F57CD0083DE6D /* Build configuration list for PBXNativeTarget "Form Login & Register" */;
			buildPhases = (
				AB508B34272F57CC0083DE6D /* Sources */,
				AB508B35272F57CC0083DE6D /* Frameworks */,
				AB508B36272F57CC0083DE6D /* Resources */,
			);
			buildRules = (
			);
			dependencies = (
			);
			name = "Form Login & Register";
			productName = "Form Login & Register";
			productReference = AB508B38272F57CC0083DE6D /* Form Login & Register.app */;
			productType = "com.apple.product-type.application";
		};
/* End PBXNativeTarget section */

/* Begin PBXProject section */
		AB508B30272F57CC0083DE6D /* Project object */ = {
			isa = PBXProject;
			attributes = {
				LastSwiftUpdateCheck = 1250;
				LastUpgradeCheck = 1250;
				TargetAttributes = {
					AB508B37272F57CC0083DE6D = {
						CreatedOnToolsVersion = 12.5;
					};
				};
			};
			buildConfigurationList = AB508B33272F57CC0083DE6D /* Build configuration list for PBXProject "Form Login & Register" */;
			compatibilityVersion = "Xcode 9.3";
			developmentRegion = en;
			hasScannedForEncodings = 0;
			knownRegions = (
				en,
				Base,
			);
			mainGroup = AB508B2F272F57CC0083DE6D;
			productRefGroup = AB508B39272F57CC0083DE6D /* Products */;
			projectDirPath = "";
			projectRoot = "";
			targets = (
				AB508B37272F57CC0083DE6D /* Form Login & Register */,
			);
		};
/* End PBXProject section */

/* Begin PBXResourcesBuildPhase section */
		AB508B36272F57CC0083DE6D /* Resources */ = {
			isa = PBXResourcesBuildPhase;
			buildActionMask = 2147483647;
			files = (
				AB508B43272F57CD0083DE6D /* Preview Assets.xcassets in Resources */,
				AB508B40272F57CD0083DE6D /* Assets.xcassets in Resources */,
			);
			runOnlyForDeploymentPostprocessing = 0;
		};
/* End PBXResourcesBuildPhase section */

/* Begin PBXSourcesBuildPhase section */
		AB508B34272F57CC0083DE6D /* Sources */ = {
			isa = PBXSourcesBuildPhase;
			buildActionMask = 2147483647;
			files = (
				AB508B3E272F57CC0083DE6D /* LoginView.swift in Sources */,
				ABFBE6462787B773004A5958 /* LoginStatus.swift in Sources */,
				AB508B3C272F57CC0083DE6D /* Form_Login___RegisterApp.swift in Sources */,
				AB9980392786761F00E435E5 /* LoginViewModel.swift in Sources */,
			);
			runOnlyForDeploymentPostprocessing = 0;
		};
/* End PBXSourcesBuildPhase section */

/* Begin XCBuildConfiguration section */
		AB508B45272F57CD0083DE6D /* Debug */ = {
			isa = XCBuildConfiguration;
			buildSettings = {
				ALWAYS_SEARCH_USER_PATHS = NO;
				CLANG_ANALYZER_NONNULL = YES;
				CLANG_ANALYZER_NUMBER_OBJECT_CONVERSION = YES_AGGRESSIVE;
				CLANG_CXX_LANGUAGE_STANDARD = "gnu++14";
				CLANG_CXX_LIBRARY = "libc++";
				CLANG_ENABLE_MODULES = YES;
				CLANG_ENABLE_OBJC_ARC = YES;
				CLANG_ENABLE_OBJC_WEAK = YES;
				CLANG_WARN_BLOCK_CAPTURE_AUTORELEASING = YES;
				CLANG_WARN_BOOL_CONVERSION = YES;
				CLANG_WARN_COMMA = YES;
				CLANG_WARN_CONSTANT_CONVERSION = YES;
				CLANG_WARN_DEPRECATED_OBJC_IMPLEMENTATIONS = YES;
				CLANG_WARN_DIRECT_OBJC_ISA_USAGE = YES_ERROR;
				CLANG_WARN_DOCUMENTATION_COMMENTS = YES;
				CLANG_WARN_EMPTY_BODY = YES;
				CLANG_WARN_ENUM_CONVERSION = YES;
				CLANG_WARN_INFINITE_RECURSION = YES;
				CLANG_WARN_INT_CONVERSION = YES;
				CLANG_WARN_NON_LITERAL_NULL_CONVERSION = YES;
				CLANG_WARN_OBJC_IMPLICIT_RETAIN_SELF = YES;
				CLANG_WARN_OBJC_LITERAL_CONVERSION = YES;
				CLANG_WARN_OBJC_ROOT_CLASS = YES_ERROR;
				CLANG_WARN_QUOTED_INCLUDE_IN_FRAMEWORK_HEADER = YES;
				CLANG_WARN_RANGE_LOOP_ANALYSIS = YES;
				CLANG_WARN_STRICT_PROTOTYPES = YES;
				CLANG_WARN_SUSPICIOUS_MOVE = YES;
				CLANG_WARN_UNGUARDED_AVAILABILITY = YES_AGGRESSIVE;
				CLANG_WARN_UNREACHABLE_CODE = YES;
				CLANG_WARN__DUPLICATE_METHOD_MATCH = YES;
				COPY_PHASE_STRIP = NO;
				DEBUG_INFORMATION_FORMAT = dwarf;
				ENABLE_STRICT_OBJC_MSGSEND = YES;
				ENABLE_TESTABILITY = YES;
				GCC_C_LANGUAGE_STANDARD = gnu11;
				GCC_DYNAMIC_NO_PIC = NO;
				GCC_NO_COMMON_BLOCKS = YES;
				GCC_OPTIMIZATION_LEVEL = 0;
				GCC_PREPROCESSOR_DEFINITIONS = (
					"DEBUG=1",
					"$(inherited)",
				);
				GCC_WARN_64_TO_32_BIT_CONVERSION = YES;
				GCC_WARN_ABOUT_RETURN_TYPE = YES_ERROR;
				GCC_WARN_UNDECLARED_SELECTOR = YES;
				GCC_WARN_UNINITIALIZED_AUTOS = YES_AGGRESSIVE;
				GCC_WARN_UNUSED_FUNCTION = YES;
				GCC_WARN_UNUSED_VARIABLE = YES;
				IPHONEOS_DEPLOYMENT_TARGET = 14.5;
				MTL_ENABLE_DEBUG_INFO = INCLUDE_SOURCE;
				MTL_FAST_MATH = YES;
				ONLY_ACTIVE_ARCH = YES;
				SDKROOT = iphoneos;
				SWIFT_ACTIVE_COMPILATION_CONDITIONS = DEBUG;
				SWIFT_OPTIMIZATION_LEVEL = "-Onone";
			};
			name = Debug;
		};
		AB508B46272F57CD0083DE6D /* Release */ = {
			isa = XCBuildConfiguration;
			buildSettings = {
				ALWAYS_SEARCH_USER_PATHS = NO;
				CLANG_ANALYZER_NONNULL = YES;
				CLANG_ANALYZER_NUMBER_OBJECT_CONVERSION = YES_AGGRESSIVE;
				CLANG_CXX_LANGUAGE_STANDARD = "gnu++14";
				CLANG_CXX_LIBRARY = "libc++";
				CLANG_ENABLE_MODULES = YES;
				CLANG_ENABLE_OBJC_ARC = YES;
				CLANG_ENABLE_OBJC_WEAK = YES;
				CLANG_WARN_BLOCK_CAPTURE_AUTORELEASING = YES;
				CLANG_WARN_BOOL_CONVERSION = YES;
				CLANG_WARN_COMMA = YES;
				CLANG_WARN_CONSTANT_CONVERSION = YES;
				CLANG_WARN_DEPRECATED_OBJC_IMPLEMENTATIONS = YES;
				CLANG_WARN_DIRECT_OBJC_ISA_USAGE = YES_ERROR;
				CLANG_WARN_DOCUMENTATION_COMMENTS = YES;
				CLANG_WARN_EMPTY_BODY = YES;
				CLANG_WARN_ENUM_CONVERSION = YES;
				CLANG_WARN_INFINITE_RECURSION = YES;
				CLANG_WARN_INT_CONVERSION = YES;
				CLANG_WARN_NON_LITERAL_NULL_CONVERSION = YES;
				CLANG_WARN_OBJC_IMPLICIT_RETAIN_SELF = YES;
				CLANG_WARN_OBJC_LITERAL_CONVERSION = YES;
				CLANG_WARN_OBJC_ROOT_CLASS = YES_ERROR;
				CLANG_WARN_QUOTED_INCLUDE_IN_FRAMEWORK_HEADER = YES;
				CLANG_WARN_RANGE_LOOP_ANALYSIS = YES;
				CLANG_WARN_STRICT_PROTOTYPES = YES;
				CLANG_WARN_SUSPICIOUS_MOVE = YES;
				CLANG_WARN_UNGUARDED_AVAILABILITY = YES_AGGRESSIVE;
				CLANG_WARN_UNREACHABLE_CODE = YES;
				CLANG_WARN__DUPLICATE_METHOD_MATCH = YES;
				COPY_PHASE_STRIP = NO;
				DEBUG_INFORMATION_FORMAT = "dwarf-with-dsym";
				ENABLE_NS_ASSERTIONS = NO;
				ENABLE_STRICT_OBJC_MSGSEND = YES;
				GCC_C_LANGUAGE_STANDARD = gnu11;
				GCC_NO_COMMON_BLOCKS = YES;
				GCC_WARN_64_TO_32_BIT_CONVERSION = YES;
				GCC_WARN_ABOUT_RETURN_TYPE = YES_ERROR;
				GCC_WARN_UNDECLARED_SELECTOR = YES;
				GCC_WARN_UNINITIALIZED_AUTOS = YES_AGGRESSIVE;
				GCC_WARN_UNUSED_FUNCTION = YES;
				GCC_WARN_UNUSED_VARIABLE = YES;
				IPHONEOS_DEPLOYMENT_TARGET = 14.5;
				MTL_ENABLE_DEBUG_INFO = NO;
				MTL_FAST_MATH = YES;
				SDKROOT = iphoneos;
				SWIFT_COMPILATION_MODE = wholemodule;
				SWIFT_OPTIMIZATION_LEVEL = "-O";
				VALIDATE_PRODUCT = YES;
			};
			name = Release;
		};
		AB508B48272F57CD0083DE6D /* Debug */ = {
			isa = XCBuildConfiguration;
			buildSettings = {
				ASSETCATALOG_COMPILER_APPICON_NAME = AppIcon;
				ASSETCATALOG_COMPILER_GLOBAL_ACCENT_COLOR_NAME = AccentColor;
				CODE_SIGN_STYLE = Automatic;
				DEVELOPMENT_ASSET_PATHS = "\"Form Login & Register/Preview Content\"";
				ENABLE_PREVIEWS = YES;
				INFOPLIST_FILE = "Form Login & Register/Info.plist";
				IPHONEOS_DEPLOYMENT_TARGET = 14.0;
				LD_RUNPATH_SEARCH_PATHS = (
					"$(inherited)",
					"@executable_path/Frameworks",
				);
				MARKETING_VERSION = 1.0.0;
				PRODUCT_BUNDLE_IDENTIFIER = "com.yoesuv.Form-Login---Register";
				PRODUCT_NAME = "$(TARGET_NAME)";
				SWIFT_VERSION = 5.0;
				TARGETED_DEVICE_FAMILY = "1,2";
			};
			name = Debug;
		};
		AB508B49272F57CD0083DE6D /* Release */ = {
			isa = XCBuildConfiguration;
			buildSettings = {
				ASSETCATALOG_COMPILER_APPICON_NAME = AppIcon;
				ASSETCATALOG_COMPILER_GLOBAL_ACCENT_COLOR_NAME = AccentColor;
				CODE_SIGN_STYLE = Automatic;
				DEVELOPMENT_ASSET_PATHS = "\"Form Login & Register/Preview Content\"";
				ENABLE_PREVIEWS = YES;
				INFOPLIST_FILE = "Form Login & Register/Info.plist";
				IPHONEOS_DEPLOYMENT_TARGET = 14.0;
				LD_RUNPATH_SEARCH_PATHS = (
					"$(inherited)",
					"@executable_path/Frameworks",
				);
				MARKETING_VERSION = 1.0.0;
				PRODUCT_BUNDLE_IDENTIFIER = "com.yoesuv.Form-Login---Register";
				PRODUCT_NAME = "$(TARGET_NAME)";
				SWIFT_VERSION = 5.0;
				TARGETED_DEVICE_FAMILY = "1,2";
			};
			name = Release;
		};
/* End XCBuildConfiguration section */

/* Begin XCConfigurationList section */
		AB508B33272F57CC0083DE6D /* Build configuration list for PBXProject "Form Login & Register" */ = {
			isa = XCConfigurationList;
			buildConfigurations = (
				AB508B45272F57CD0083DE6D /* Debug */,
				AB508B46272F57CD0083DE6D /* Release */,
			);
			defaultConfigurationIsVisible = 0;
			defaultConfigurationName = Release;
		};
		AB508B47272F57CD0083DE6D /* Build configuration list for PBXNativeTarget "Form Login & Register" */ = {
			isa = XCConfigurationList;
			buildConfigurations = (
				AB508B48272F57CD0083DE6D /* Debug */,
				AB508B49272F57CD0083DE6D /* Release */,
			);
			defaultConfigurationIsVisible = 0;
			defaultConfigurationName = Release;
		};
/* End XCConfigurationList section */
	};
	rootObject = AB508B30272F57CC0083DE6D /* Project object */;
}
